<?xml version="1.0" encoding="utf-8"?>
<Project ToolsVersion="4.0" xmlns="http://schemas.microsoft.com/developer/msbuild/2003">
  <ItemGroup>
    <Filter Include="소스 파일">
      <UniqueIdentifier>{4FC737F1-C7A5-4376-A066-2A32D752A2FF}</UniqueIdentifier>
      <Extensions>cpp;c;cc;cxx;c++;cppm;ixx;def;odl;idl;hpj;bat;asm;asmx</Extensions>
    </Filter>
    <Filter Include="헤더 파일">
      <UniqueIdentifier>{93995380-89BD-4b04-88EB-625FBE52EBFB}</UniqueIdentifier>
      <Extensions>h;hh;hpp;hxx;h++;hm;inl;inc;ipp;xsd</Extensions>
    </Filter>
    <Filter Include="리소스 파일">
      <UniqueIdentifier>{67DA6AB6-F800-4c08-8B7A-83BB121AAD01}</UniqueIdentifier>
      <Extensions>rc;ico;cur;bmp;dlg;rc2;rct;bin;rgs;gif;jpg;jpeg;jpe;resx;tiff;tif;png;wav;mfcribbon-ms</Extensions>
    </Filter>
    <Filter Include="소스 파일\Effective_CPP">
      <UniqueIdentifier>{533b0f9c-a1b1-4fa9-9a67-4c7d7dc126dc}</UniqueIdentifier>
    </Filter>
    <Filter Include="소스 파일\Effective_Modern_CPP">
      <UniqueIdentifier>{35f6c23f-ea59-4e8e-be30-f4989c439db8}</UniqueIdentifier>
    </Filter>
    <Filter Include="소스 파일\Yoon">
      <UniqueIdentifier>{7c1c6b4d-f6ad-48c5-adc4-8582d4ef2689}</UniqueIdentifier>
    </Filter>
    <Filter Include="소스 파일\Yoon\ch1">
      <UniqueIdentifier>{496325bd-b47e-462d-ae2e-2439abf56d8b}</UniqueIdentifier>
    </Filter>
    <Filter Include="소스 파일\Yoon\ch1\1-5">
      <UniqueIdentifier>{1cf5eaad-2afa-4025-a970-6a7a08fbb735}</UniqueIdentifier>
    </Filter>
    <Filter Include="소스 파일\Yoon\ch2">
      <UniqueIdentifier>{8ec396b2-e7ab-4053-985b-bd3aed45881d}</UniqueIdentifier>
    </Filter>
    <Filter Include="소스 파일\Yoon\ch3">
      <UniqueIdentifier>{b4eb11bd-c321-4518-b8cc-db7f2aabcf42}</UniqueIdentifier>
    </Filter>
    <Filter Include="소스 파일\Yoon\ch4">
      <UniqueIdentifier>{f8c8de63-4f76-4f79-8b35-3317bf52524d}</UniqueIdentifier>
    </Filter>
    <Filter Include="소스 파일\Yoon\ch5">
      <UniqueIdentifier>{becc2178-af8a-441d-94ae-c661ba9c68cc}</UniqueIdentifier>
    </Filter>
    <Filter Include="소스 파일\Yoon\ch6">
      <UniqueIdentifier>{199717cb-4a54-4566-a6d7-69fe860a17af}</UniqueIdentifier>
    </Filter>
    <Filter Include="소스 파일\Yoon\ch7">
      <UniqueIdentifier>{8bd2e1b8-add5-4aed-9de8-7643f7c717f4}</UniqueIdentifier>
    </Filter>
    <Filter Include="소스 파일\Effective_Modern_CPP\study">
      <UniqueIdentifier>{092d2c8f-4a15-4c8a-b1fb-a27e413c32b4}</UniqueIdentifier>
    </Filter>
  </ItemGroup>
  <ItemGroup>
    <ClCompile Include="item3-1.cpp">
      <Filter>소스 파일\Effective_CPP</Filter>
    </ClCompile>
    <ClCompile Include="item3-2.cpp">
      <Filter>소스 파일\Effective_CPP</Filter>
    </ClCompile>
    <ClCompile Include="item5.cpp">
      <Filter>소스 파일\Effective_CPP</Filter>
    </ClCompile>
    <ClCompile Include="item6.cpp">
      <Filter>소스 파일\Effective_CPP</Filter>
    </ClCompile>
    <ClCompile Include="item7.cpp">
      <Filter>소스 파일\Effective_CPP</Filter>
    </ClCompile>
    <ClCompile Include="item15.cpp">
      <Filter>소스 파일\Effective_CPP</Filter>
    </ClCompile>
    <ClCompile Include="item18.cpp">
      <Filter>소스 파일\Effective_CPP</Filter>
    </ClCompile>
    <ClCompile Include="item20-1.cpp">
      <Filter>소스 파일\Effective_CPP</Filter>
    </ClCompile>
    <ClCompile Include="item20-2.cpp">
      <Filter>소스 파일\Effective_CPP</Filter>
    </ClCompile>
    <ClCompile Include="item25.cpp">
      <Filter>소스 파일\Effective_CPP</Filter>
    </ClCompile>
    <ClCompile Include="item27-1.cpp">
      <Filter>소스 파일\Effective_CPP</Filter>
    </ClCompile>
    <ClCompile Include="item27-2.cpp">
      <Filter>소스 파일\Effective_CPP</Filter>
    </ClCompile>
    <ClCompile Include="item28.cpp">
      <Filter>소스 파일\Effective_CPP</Filter>
    </ClCompile>
    <ClCompile Include="item29.cpp">
      <Filter>소스 파일\Effective_CPP</Filter>
    </ClCompile>
    <ClCompile Include="item31-1.cpp">
      <Filter>소스 파일\Effective_CPP</Filter>
    </ClCompile>
    <ClCompile Include="item31-2.cpp">
      <Filter>소스 파일\Effective_CPP</Filter>
    </ClCompile>
    <ClCompile Include="item33-1.cpp">
      <Filter>소스 파일\Effective_CPP</Filter>
    </ClCompile>
    <ClCompile Include="item33-2.cpp">
      <Filter>소스 파일\Effective_CPP</Filter>
    </ClCompile>
    <ClCompile Include="item33-3.cpp">
      <Filter>소스 파일\Effective_CPP</Filter>
    </ClCompile>
    <ClCompile Include="item33-4.cpp">
      <Filter>소스 파일\Effective_CPP</Filter>
    </ClCompile>
    <ClCompile Include="item35.cpp">
      <Filter>소스 파일\Effective_CPP</Filter>
    </ClCompile>
    <ClCompile Include="item36.cpp">
      <Filter>소스 파일\Effective_CPP</Filter>
    </ClCompile>
    <ClCompile Include="item37-1.cpp">
      <Filter>소스 파일\Effective_CPP</Filter>
    </ClCompile>
    <ClCompile Include="item37-2.cpp">
      <Filter>소스 파일\Effective_CPP</Filter>
    </ClCompile>
    <ClCompile Include="item38.cpp">
      <Filter>소스 파일\Effective_CPP</Filter>
    </ClCompile>
    <ClCompile Include="item39-1.cpp">
      <Filter>소스 파일\Effective_CPP</Filter>
    </ClCompile>
    <ClCompile Include="item39-2.cpp">
      <Filter>소스 파일\Effective_CPP</Filter>
    </ClCompile>
    <ClCompile Include="item40.cpp">
      <Filter>소스 파일\Effective_CPP</Filter>
    </ClCompile>
    <ClCompile Include="item54.cpp">
      <Filter>소스 파일\Effective_CPP</Filter>
    </ClCompile>
    <ClCompile Include="..\Effective_Modern_CPP\item1.cpp">
      <Filter>소스 파일\Effective_Modern_CPP</Filter>
    </ClCompile>
    <ClCompile Include="..\Effective_Modern_CPP\item2.cpp">
      <Filter>소스 파일\Effective_Modern_CPP</Filter>
    </ClCompile>
    <ClCompile Include="..\Effective_Modern_CPP\item3.cpp">
      <Filter>소스 파일\Effective_Modern_CPP</Filter>
    </ClCompile>
    <ClCompile Include="..\Effective_Modern_CPP\item4.cpp">
      <Filter>소스 파일\Effective_Modern_CPP</Filter>
    </ClCompile>
    <ClCompile Include="..\Effective_Modern_CPP\item5.cpp">
      <Filter>소스 파일\Effective_Modern_CPP</Filter>
    </ClCompile>
    <ClCompile Include="..\Effective_Modern_CPP\item6.cpp">
      <Filter>소스 파일\Effective_Modern_CPP</Filter>
    </ClCompile>
    <ClCompile Include="..\Yoon\ch1\1-1.cpp">
      <Filter>소스 파일\Yoon\ch1</Filter>
    </ClCompile>
    <ClCompile Include="..\Yoon\ch1\1-2.cpp">
      <Filter>소스 파일\Yoon\ch1</Filter>
    </ClCompile>
    <ClCompile Include="..\Yoon\ch1\1-3.cpp">
      <Filter>소스 파일\Yoon\ch1</Filter>
    </ClCompile>
    <ClCompile Include="..\Yoon\ch1\1-4.cpp">
      <Filter>소스 파일\Yoon\ch1</Filter>
    </ClCompile>
    <ClCompile Include="..\Yoon\ch1\1-6.cpp">
      <Filter>소스 파일\Yoon\ch1</Filter>
    </ClCompile>
    <ClCompile Include="..\Yoon\ch1\1-5\1-5.cpp">
      <Filter>소스 파일\Yoon\ch1\1-5</Filter>
    </ClCompile>
    <ClCompile Include="..\Yoon\ch1\1-5\1-5-main.cpp">
      <Filter>소스 파일\Yoon\ch1\1-5</Filter>
    </ClCompile>
    <ClCompile Include="..\Effective_Modern_CPP\item7.cpp">
      <Filter>소스 파일\Effective_Modern_CPP</Filter>
    </ClCompile>
    <ClCompile Include="..\Effective_Modern_CPP\item8.cpp">
      <Filter>소스 파일\Effective_Modern_CPP</Filter>
    </ClCompile>
    <ClCompile Include="..\Effective_Modern_CPP\item9.cpp">
      <Filter>소스 파일\Effective_Modern_CPP</Filter>
    </ClCompile>
    <ClCompile Include="..\Effective_Modern_CPP\item10.cpp">
      <Filter>소스 파일\Effective_Modern_CPP</Filter>
    </ClCompile>
    <ClCompile Include="..\Yoon\ch2\2-1.cpp">
      <Filter>소스 파일\Yoon\ch2</Filter>
    </ClCompile>
    <ClCompile Include="..\Yoon\ch2\2-2.cpp">
      <Filter>소스 파일\Yoon\ch2</Filter>
    </ClCompile>
    <ClCompile Include="..\Yoon\ch2\2-0.cpp">
      <Filter>소스 파일\Yoon\ch2</Filter>
    </ClCompile>
    <ClCompile Include="..\Yoon\ch2\2-3.cpp">
      <Filter>소스 파일\Yoon\ch2</Filter>
    </ClCompile>
    <ClCompile Include="..\Yoon\ch2\2-4.cpp">
      <Filter>소스 파일\Yoon\ch2</Filter>
    </ClCompile>
    <ClCompile Include="..\Yoon\ch3\3-1.cpp">
      <Filter>소스 파일\Yoon\ch3</Filter>
    </ClCompile>
    <ClCompile Include="..\Yoon\ch3\3-2.cpp">
      <Filter>소스 파일\Yoon\ch3</Filter>
    </ClCompile>
    <ClCompile Include="..\Yoon\ch3\3-3.cpp">
      <Filter>소스 파일\Yoon\ch3</Filter>
    </ClCompile>
    <ClCompile Include="..\Effective_Modern_CPP\item11.cpp">
      <Filter>소스 파일\Effective_Modern_CPP</Filter>
    </ClCompile>
    <ClCompile Include="..\Effective_Modern_CPP\item12.cpp">
      <Filter>소스 파일\Effective_Modern_CPP</Filter>
    </ClCompile>
    <ClCompile Include="..\Effective_Modern_CPP\item13.cpp">
      <Filter>소스 파일\Effective_Modern_CPP</Filter>
    </ClCompile>
    <ClCompile Include="..\Effective_Modern_CPP\item14.cpp">
      <Filter>소스 파일\Effective_Modern_CPP</Filter>
    </ClCompile>
    <ClCompile Include="..\Effective_Modern_CPP\item15.cpp">
      <Filter>소스 파일\Effective_Modern_CPP</Filter>
    </ClCompile>
    <ClCompile Include="..\Effective_Modern_CPP\item16.cpp">
      <Filter>소스 파일\Effective_Modern_CPP</Filter>
    </ClCompile>
    <ClCompile Include="..\Effective_Modern_CPP\item17.cpp">
      <Filter>소스 파일\Effective_Modern_CPP</Filter>
    </ClCompile>
    <ClCompile Include="..\Effective_Modern_CPP\item18.cpp">
      <Filter>소스 파일\Effective_Modern_CPP</Filter>
    </ClCompile>
    <ClCompile Include="..\Effective_Modern_CPP\item19.cpp">
      <Filter>소스 파일\Effective_Modern_CPP</Filter>
    </ClCompile>
    <ClCompile Include="..\Effective_Modern_CPP\item20.cpp">
      <Filter>소스 파일\Effective_Modern_CPP</Filter>
    </ClCompile>
    <ClCompile Include="..\Effective_Modern_CPP\item21.cpp">
      <Filter>소스 파일\Effective_Modern_CPP</Filter>
    </ClCompile>
    <ClCompile Include="..\Effective_Modern_CPP\item22.cpp">
      <Filter>소스 파일\Effective_Modern_CPP</Filter>
    </ClCompile>
    <ClCompile Include="..\Effective_Modern_CPP\item23.cpp">
      <Filter>소스 파일\Effective_Modern_CPP</Filter>
    </ClCompile>
    <ClCompile Include="..\Effective_Modern_CPP\item24.cpp">
      <Filter>소스 파일\Effective_Modern_CPP</Filter>
    </ClCompile>
    <ClCompile Include="..\Effective_Modern_CPP\item25.cpp">
      <Filter>소스 파일\Effective_Modern_CPP</Filter>
    </ClCompile>
    <ClCompile Include="..\Yoon\ch4\4-1.cpp">
      <Filter>소스 파일\Yoon\ch4</Filter>
    </ClCompile>
    <ClCompile Include="..\Yoon\ch4\4-2.cpp">
      <Filter>소스 파일\Yoon\ch4</Filter>
    </ClCompile>
    <ClCompile Include="..\Yoon\ch4\4-3.cpp">
      <Filter>소스 파일\Yoon\ch4</Filter>
    </ClCompile>
    <ClCompile Include="..\Yoon\ch4\4-4-2.cpp">
      <Filter>소스 파일\Yoon\ch4</Filter>
    </ClCompile>
    <ClCompile Include="..\Yoon\ch4\4-4-1.cpp">
      <Filter>소스 파일\Yoon\ch4</Filter>
    </ClCompile>
    <ClCompile Include="..\Yoon\ch4\4-5.cpp">
      <Filter>소스 파일\Yoon\ch4</Filter>
    </ClCompile>
    <ClCompile Include="..\Yoon\ch5\5-1.cpp">
      <Filter>소스 파일\Yoon\ch5</Filter>
    </ClCompile>
    <ClCompile Include="..\Yoon\ch5\5-2.cpp">
      <Filter>소스 파일\Yoon\ch5</Filter>
    </ClCompile>
    <ClCompile Include="..\Yoon\ch5\5-4.cpp">
      <Filter>소스 파일\Yoon\ch5</Filter>
    </ClCompile>
    <ClCompile Include="..\Effective_Modern_CPP\item26.cpp">
      <Filter>소스 파일\Effective_Modern_CPP</Filter>
    </ClCompile>
    <ClCompile Include="..\Effective_Modern_CPP\item27.cpp">
      <Filter>소스 파일\Effective_Modern_CPP</Filter>
    </ClCompile>
    <ClCompile Include="..\Effective_Modern_CPP\item28.cpp">
      <Filter>소스 파일\Effective_Modern_CPP</Filter>
    </ClCompile>
    <ClCompile Include="..\Effective_Modern_CPP\item29.cpp">
      <Filter>소스 파일\Effective_Modern_CPP</Filter>
    </ClCompile>
    <ClCompile Include="..\Effective_Modern_CPP\item30.cpp">
      <Filter>소스 파일\Effective_Modern_CPP</Filter>
    </ClCompile>
    <ClCompile Include="..\Yoon\ch5\5-3-1.cpp">
      <Filter>소스 파일\Yoon\ch5</Filter>
    </ClCompile>
    <ClCompile Include="..\Yoon\ch5\5-3-2.cpp">
      <Filter>소스 파일\Yoon\ch5</Filter>
    </ClCompile>
    <ClCompile Include="..\Yoon\ch5\5-3-3.cpp">
      <Filter>소스 파일\Yoon\ch5</Filter>
    </ClCompile>
    <ClCompile Include="..\Yoon\ch6\6-1.cpp">
      <Filter>소스 파일\Yoon\ch6</Filter>
    </ClCompile>
    <ClCompile Include="..\Yoon\ch6\6-2.cpp">
      <Filter>소스 파일\Yoon\ch6</Filter>
    </ClCompile>
    <ClCompile Include="..\Yoon\ch6\6-3.cpp">
      <Filter>소스 파일\Yoon\ch6</Filter>
    </ClCompile>
    <ClCompile Include="..\Yoon\ch6\6-4.cpp">
      <Filter>소스 파일\Yoon\ch6</Filter>
    </ClCompile>
    <ClCompile Include="..\Yoon\ch7\7-1.cpp">
      <Filter>소스 파일\Yoon\ch7</Filter>
    </ClCompile>
    <ClCompile Include="..\Yoon\ch7\7-3.cpp">
      <Filter>소스 파일\Yoon\ch7</Filter>
    </ClCompile>
    <ClCompile Include="..\Yoon\ch7\7-4.cpp">
      <Filter>소스 파일\Yoon\ch7</Filter>
    </ClCompile>
    <ClCompile Include="..\Yoon\ch7\7-5.cpp">
      <Filter>소스 파일\Yoon\ch7</Filter>
    </ClCompile>
    <ClCompile Include="..\Yoon\ch7\7-2-2.cpp">
      <Filter>소스 파일\Yoon\ch7</Filter>
    </ClCompile>
    <ClCompile Include="..\Yoon\ch7\7-2-1.cpp">
      <Filter>소스 파일\Yoon\ch7</Filter>
    </ClCompile>
    <ClCompile Include="..\Effective_Modern_CPP\item31.cpp">
      <Filter>소스 파일\Effective_Modern_CPP</Filter>
    </ClCompile>
    <ClCompile Include="..\Effective_Modern_CPP\item32.cpp">
      <Filter>소스 파일\Effective_Modern_CPP</Filter>
    </ClCompile>
    <ClCompile Include="..\Effective_Modern_CPP\item33.cpp">
      <Filter>소스 파일\Effective_Modern_CPP</Filter>
    </ClCompile>
    <ClCompile Include="..\Effective_Modern_CPP\item34.cpp">
      <Filter>소스 파일\Effective_Modern_CPP</Filter>
    </ClCompile>
    <ClCompile Include="..\Effective_Modern_CPP\study\lamda_expression.cpp">
      <Filter>소스 파일\Effective_Modern_CPP\study</Filter>
    </ClCompile>
  </ItemGroup>
  <ItemGroup>
    <ClInclude Include="..\Yoon\ch1\1-5\1-5.h">
      <Filter>소스 파일\Yoon\ch1\1-5</Filter>
    </ClInclude>
  </ItemGroup>
</Project>