
Microsoft Visual Studio Solution File, Format Version 12.00
# Visual Studio Version 16
VisualStudioVersion = 16.0.31702.278
MinimumVisualStudioVersion = 10.0.40219.1
Project("{8BC9CEB8-8B4A-11D0-8D11-00A0C91BC942}") = "Effective_CPP", "Effective_CPP.vcxproj", "{D3588676-30C1-473D-A40B-49AD1FA57A1D}"
EndProject
Global
	GlobalSection(SolutionConfigurationPlatforms) = preSolution
		Debug|x64 = Debug|x64
		Debug|x86 = Debug|x86
		Release|x64 = Release|x64
		Release|x86 = Release|x86
	EndGlobalSection
	GlobalSection(ProjectConfigurationPlatforms) = postSolution
		{D3588676-30C1-473D-A40B-49AD1FA57A1D}.Debug|x64.ActiveCfg = Debug|x64
		{D3588676-30C1-473D-A40B-49AD1FA57A1D}.Debug|x64.Build.0 = Debug|x64
		{D3588676-30C1-473D-A40B-49AD1FA57A1D}.Debug|x86.ActiveCfg = Debug|Win32
		{D3588676-30C1-473D-A40B-49AD1FA57A1D}.Debug|x86.Build.0 = Debug|Win32
		{D3588676-30C1-473D-A40B-49AD1FA57A1D}.Release|x64.ActiveCfg = Release|x64
		{D3588676-30C1-473D-A40B-49AD1FA57A1D}.Release|x64.Build.0 = Release|x64
		{D3588676-30C1-473D-A40B-49AD1FA57A1D}.Release|x86.ActiveCfg = Release|Win32
		{D3588676-30C1-473D-A40B-49AD1FA57A1D}.Release|x86.Build.0 = Release|Win32
	EndGlobalSection
	GlobalSection(SolutionProperties) = preSolution
		HideSolutionNode = FALSE
	EndGlobalSection
	GlobalSection(ExtensibilityGlobals) = postSolution
		SolutionGuid = {3A83EA13-B8A2-4113-80DF-8FDF6A0A502B}
	EndGlobalSection
EndGlobal
